
Microsoft Visual Studio Solution File, Format Version 12.00
# Visual Studio Version 17
VisualStudioVersion = 17.7.34031.279
MinimumVisualStudioVersion = 10.0.40219.1
Project("{FAE04EC0-301F-11D3-BF4B-00C04F79EFBC}") = "დავალება6", "დავალება6.csproj", "{14989F95-37D3-42D4-A5FB-83420A06DE05}"
EndProject
Global
	GlobalSection(SolutionConfigurationPlatforms) = preSolution
		Debug|Any CPU = Debug|Any CPU
		Release|Any CPU = Release|Any CPU
	EndGlobalSection
	GlobalSection(ProjectConfigurationPlatforms) = postSolution
		{14989F95-37D3-42D4-A5FB-83420A06DE05}.Debug|Any CPU.ActiveCfg = Debug|Any CPU
		{14989F95-37D3-42D4-A5FB-83420A06DE05}.Debug|Any CPU.Build.0 = Debug|Any CPU
		{14989F95-37D3-42D4-A5FB-83420A06DE05}.Release|Any CPU.ActiveCfg = Release|Any CPU
		{14989F95-37D3-42D4-A5FB-83420A06DE05}.Release|Any CPU.Build.0 = Release|Any CPU
	EndGlobalSection
	GlobalSection(SolutionProperties) = preSolution
		HideSolutionNode = FALSE
	EndGlobalSection
	GlobalSection(ExtensibilityGlobals) = postSolution
		SolutionGuid = {327C7E64-54DF-4A4A-8025-7D7D9FC2A0A4}
	EndGlobalSection
EndGlobal
